
Microsoft Visual Studio Solution File, Format Version 12.00
# Visual Studio Version 17
VisualStudioVersion = 17.10.34607.79
MinimumVisualStudioVersion = 10.0.40219.1
Project("{FAE04EC0-301F-11D3-BF4B-00C04F79EFBC}") = "pharma", "pharma\pharma.csproj", "{B7932938-0A3F-4831-88CD-DF8D5B663356}"
EndProject
Global
	GlobalSection(SolutionConfigurationPlatforms) = preSolution
		Debug|Any CPU = Debug|Any CPU
		Release|Any CPU = Release|Any CPU
	EndGlobalSection
	GlobalSection(ProjectConfigurationPlatforms) = postSolution
		{B7932938-0A3F-4831-88CD-DF8D5B663356}.Debug|Any CPU.ActiveCfg = Debug|Any CPU
		{B7932938-0A3F-4831-88CD-DF8D5B663356}.Debug|Any CPU.Build.0 = Debug|Any CPU
		{B7932938-0A3F-4831-88CD-DF8D5B663356}.Release|Any CPU.ActiveCfg = Release|Any CPU
		{B7932938-0A3F-4831-88CD-DF8D5B663356}.Release|Any CPU.Build.0 = Release|Any CPU
	EndGlobalSection
	GlobalSection(SolutionProperties) = preSolution
		HideSolutionNode = FALSE
	EndGlobalSection
	GlobalSection(ExtensibilityGlobals) = postSolution
		SolutionGuid = {AC106AF6-7911-401D-B6C6-271AD6D70DCC}
	EndGlobalSection
EndGlobal
